
Microsoft Visual Studio Solution File, Format Version 12.00
# Visual Studio Version 17
VisualStudioVersion = 17.3.32929.385
MinimumVisualStudioVersion = 10.0.40219.1
Project("{FAE04EC0-301F-11D3-BF4B-00C04F79EFBC}") = "motorProject", "motorProject\motorProject.csproj", "{3E1DA7B7-3AFE-41BE-B36D-D5F1EE30C057}"
EndProject
Global
	GlobalSection(SolutionConfigurationPlatforms) = preSolution
		Debug|Any CPU = Debug|Any CPU
		Release|Any CPU = Release|Any CPU
	EndGlobalSection
	GlobalSection(ProjectConfigurationPlatforms) = postSolution
		{3E1DA7B7-3AFE-41BE-B36D-D5F1EE30C057}.Debug|Any CPU.ActiveCfg = Debug|Any CPU
		{3E1DA7B7-3AFE-41BE-B36D-D5F1EE30C057}.Debug|Any CPU.Build.0 = Debug|Any CPU
		{3E1DA7B7-3AFE-41BE-B36D-D5F1EE30C057}.Release|Any CPU.ActiveCfg = Release|Any CPU
		{3E1DA7B7-3AFE-41BE-B36D-D5F1EE30C057}.Release|Any CPU.Build.0 = Release|Any CPU
	EndGlobalSection
	GlobalSection(SolutionProperties) = preSolution
		HideSolutionNode = FALSE
	EndGlobalSection
	GlobalSection(ExtensibilityGlobals) = postSolution
		SolutionGuid = {7B261639-6329-49A3-96A6-7C5BC6EFC6EA}
	EndGlobalSection
EndGlobal
